
Microsoft Visual Studio Solution File, Format Version 12.00
# Visual Studio Version 17
VisualStudioVersion = 17.10.35013.160
MinimumVisualStudioVersion = 10.0.40219.1
Project("{FAE04EC0-301F-11D3-BF4B-00C04F79EFBC}") = "Ventas", "Ventas\Ventas.csproj", "{B5182C81-BE75-464D-8614-4A04CBB6832F}"
EndProject
Global
	GlobalSection(SolutionConfigurationPlatforms) = preSolution
		Debug|Any CPU = Debug|Any CPU
		Release|Any CPU = Release|Any CPU
	EndGlobalSection
	GlobalSection(ProjectConfigurationPlatforms) = postSolution
		{B5182C81-BE75-464D-8614-4A04CBB6832F}.Debug|Any CPU.ActiveCfg = Debug|Any CPU
		{B5182C81-BE75-464D-8614-4A04CBB6832F}.Debug|Any CPU.Build.0 = Debug|Any CPU
		{B5182C81-BE75-464D-8614-4A04CBB6832F}.Release|Any CPU.ActiveCfg = Release|Any CPU
		{B5182C81-BE75-464D-8614-4A04CBB6832F}.Release|Any CPU.Build.0 = Release|Any CPU
	EndGlobalSection
	GlobalSection(SolutionProperties) = preSolution
		HideSolutionNode = FALSE
	EndGlobalSection
	GlobalSection(ExtensibilityGlobals) = postSolution
		SolutionGuid = {2F5F9E20-6002-4FF9-BE93-5D3311D812FD}
	EndGlobalSection
EndGlobal
